[root]
name = "client"
version = "0.0.1"
dependencies = [
 "cgmath 0.0.1 (git+https://github.com/bjz/cgmath-rs#d981c349a0ffb13fb298f1ac1d5e5483ce860a81)",
 "gfx 0.1.0 (git+https://github.com/gfx-rs/gfx-rs#eb7a628a8f189cc06681dddd205d3bd04dc88a84)",
 "glfw 0.0.1 (git+https://github.com/bjz/glfw-rs#6e306baf5e520797cbaa8c9fb13e64e165535c4b)",
 "shared 0.0.1",
]

[[package]]
name = "cgmath"
version = "0.0.1"
source = "git+https://github.com/bjz/cgmath-rs#d981c349a0ffb13fb298f1ac1d5e5483ce860a81"

[[package]]
name = "device"
version = "0.1.0"
source = "git+https://github.com/gfx-rs/gfx-rs#eb7a628a8f189cc06681dddd205d3bd04dc88a84"
dependencies = [
 "gfx_gl 0.1.0 (git+https://github.com/gfx-rs/gfx_gl.git#52bb510e9e76cd3c0aed7b6aa678c03059d630a6)",
]

[[package]]
name = "gfx"
version = "0.1.0"
source = "git+https://github.com/gfx-rs/gfx-rs#eb7a628a8f189cc06681dddd205d3bd04dc88a84"
dependencies = [
 "device 0.1.0 (git+https://github.com/gfx-rs/gfx-rs#eb7a628a8f189cc06681dddd205d3bd04dc88a84)",
 "gfx_macros 0.1.0 (git+https://github.com/gfx-rs/gfx-rs#eb7a628a8f189cc06681dddd205d3bd04dc88a84)",
 "render 0.1.0 (git+https://github.com/gfx-rs/gfx-rs#eb7a628a8f189cc06681dddd205d3bd04dc88a84)",
]

[[package]]
name = "gfx_gl"
version = "0.1.0"
source = "git+https://github.com/gfx-rs/gfx_gl.git#52bb510e9e76cd3c0aed7b6aa678c03059d630a6"
dependencies = [
 "gl_generator 0.0.1 (git+https://github.com/bjz/gl-rs.git#2857ad712bd443196983ea7c0bd4b6bdcf653e7c)",
]

[[package]]
name = "gfx_macros"
version = "0.1.0"
source = "git+https://github.com/gfx-rs/gfx-rs#eb7a628a8f189cc06681dddd205d3bd04dc88a84"

[[package]]
name = "gl_generator"
version = "0.0.1"
source = "git+https://github.com/bjz/gl-rs.git#2857ad712bd443196983ea7c0bd4b6bdcf653e7c"
dependencies = [
 "khronos_api 0.0.1 (git+https://github.com/bjz/gl-rs.git#2857ad712bd443196983ea7c0bd4b6bdcf653e7c)",
 "rust-xml 0.1.0 (git+https://github.com/netvl/rust-xml#f86f02b3b1c355080136b0acc322b3318c195cda)",
]

[[package]]
name = "glfw"
version = "0.0.1"
source = "git+https://github.com/bjz/glfw-rs#6e306baf5e520797cbaa8c9fb13e64e165535c4b"
dependencies = [
 "semver 0.1.0 (git+https://github.com/rust-lang/semver#5dee918159d4e3d84c1ee54cf6a5305e6f7bd557)",
]

[[package]]
name = "khronos_api"
version = "0.0.1"
source = "git+https://github.com/bjz/gl-rs.git#2857ad712bd443196983ea7c0bd4b6bdcf653e7c"

[[package]]
name = "render"
version = "0.1.0"
source = "git+https://github.com/gfx-rs/gfx-rs#eb7a628a8f189cc06681dddd205d3bd04dc88a84"
dependencies = [
 "device 0.1.0 (git+https://github.com/gfx-rs/gfx-rs#eb7a628a8f189cc06681dddd205d3bd04dc88a84)",
]

[[package]]
name = "rust-xml"
version = "0.1.0"
source = "git+https://github.com/netvl/rust-xml#f86f02b3b1c355080136b0acc322b3318c195cda"

[[package]]
name = "semver"
version = "0.1.0"
source = "git+https://github.com/rust-lang/semver#5dee918159d4e3d84c1ee54cf6a5305e6f7bd557"

[[package]]
name = "shared"
version = "0.0.1"
dependencies = [
 "cgmath 0.0.1 (git+https://github.com/bjz/cgmath-rs#d981c349a0ffb13fb298f1ac1d5e5483ce860a81)",
]

